
Microsoft Visual Studio Solution File, Format Version 11.00
# Visual C# Express 2010
Project("{FAE04EC0-301F-11D3-BF4B-00C04F79EFBC}") = "BiblioSoft", "BiblioSoft\BiblioSoft.csproj", "{67A712D0-4A68-44DD-951D-D926D9667918}"
EndProject
Global
	GlobalSection(SolutionConfigurationPlatforms) = preSolution
		Debug|x86 = Debug|x86
		Release|x86 = Release|x86
	EndGlobalSection
	GlobalSection(ProjectConfigurationPlatforms) = postSolution
		{67A712D0-4A68-44DD-951D-D926D9667918}.Debug|x86.ActiveCfg = Debug|x86
		{67A712D0-4A68-44DD-951D-D926D9667918}.Debug|x86.Build.0 = Debug|x86
		{67A712D0-4A68-44DD-951D-D926D9667918}.Release|x86.ActiveCfg = Release|x86
		{67A712D0-4A68-44DD-951D-D926D9667918}.Release|x86.Build.0 = Release|x86
	EndGlobalSection
	GlobalSection(SolutionProperties) = preSolution
		HideSolutionNode = FALSE
	EndGlobalSection
EndGlobal
